Microsoft Visual Studio Solution File, Format Version 12.00
# Visual Studio Version 17
VisualStudioVersion = 17.5.2.0
MinimumVisualStudioVersion = 10.0.40219.1
Project("{FAE04EC0-301F-11D3-BF4B-00C04F79EFBC}") = "FinysPractice", "FinysPractice.csproj", "{616B20CE-F01C-F265-F463-B74B55BB8C01}"
EndProject
Global
	GlobalSection(SolutionConfigurationPlatforms) = preSolution
		Debug|Any CPU = Debug|Any CPU
		Release|Any CPU = Release|Any CPU
	EndGlobalSection
	GlobalSection(ProjectConfigurationPlatforms) = postSolution
		{616B20CE-F01C-F265-F463-B74B55BB8C01}.Debug|Any CPU.ActiveCfg = Debug|Any CPU
		{616B20CE-F01C-F265-F463-B74B55BB8C01}.Debug|Any CPU.Build.0 = Debug|Any CPU
		{616B20CE-F01C-F265-F463-B74B55BB8C01}.Release|Any CPU.ActiveCfg = Release|Any CPU
		{616B20CE-F01C-F265-F463-B74B55BB8C01}.Release|Any CPU.Build.0 = Release|Any CPU
	EndGlobalSection
	GlobalSection(SolutionProperties) = preSolution
		HideSolutionNode = FALSE
	EndGlobalSection
	GlobalSection(ExtensibilityGlobals) = postSolution
		SolutionGuid = {02A331E5-5E50-463C-BC0A-4E1B12D50334}
	EndGlobalSection
EndGlobal
